// !$*UTF8*$!
{
	archiveVersion = 1;
	classes = {
	};
	objectVersion = 46;
	objects = {

/* Begin PBXBuildFile section */
		75273A831B0B0A9F007F8047 /* postChoices.swift in Sources */ = {isa = PBXBuildFile; fileRef = 75273A821B0B0A9F007F8047 /* postChoices.swift */; };
		75273A851B0B0DE7007F8047 /* postView.swift in Sources */ = {isa = PBXBuildFile; fileRef = 75273A841B0B0DE7007F8047 /* postView.swift */; };
		75B4AF831B09AA1E00AB0604 /* AppDelegate.swift in Sources */ = {isa = PBXBuildFile; fileRef = 75B4AF821B09AA1E00AB0604 /* AppDelegate.swift */; };
		75B4AF851B09AA1E00AB0604 /* FirstViewController.swift in Sources */ = {isa = PBXBuildFile; fileRef = 75B4AF841B09AA1E00AB0604 /* FirstViewController.swift */; };
		75B4AF871B09AA1E00AB0604 /* SecondViewController.swift in Sources */ = {isa = PBXBuildFile; fileRef = 75B4AF861B09AA1E00AB0604 /* SecondViewController.swift */; };
		75B4AF8C1B09AA1F00AB0604 /* Images.xcassets in Resources */ = {isa = PBXBuildFile; fileRef = 75B4AF8B1B09AA1F00AB0604 /* Images.xcassets */; };
		75B4AF8F1B09AA1F00AB0604 /* LaunchScreen.xib in Resources */ = {isa = PBXBuildFile; fileRef = 75B4AF8D1B09AA1F00AB0604 /* LaunchScreen.xib */; };
		75B4AF9B1B09AA1F00AB0604 /* barakahTests.swift in Sources */ = {isa = PBXBuildFile; fileRef = 75B4AF9A1B09AA1F00AB0604 /* barakahTests.swift */; };
		75B4AFA51B09C77D00AB0604 /* searchResultView.swift in Sources */ = {isa = PBXBuildFile; fileRef = 75B4AFA41B09C77D00AB0604 /* searchResultView.swift */; };
		75B4AFA81B09F65000AB0604 /* Main.storyboard in Resources */ = {isa = PBXBuildFile; fileRef = 75B4AFA61B09F65000AB0604 /* Main.storyboard */; };
		C9D312571B0B378F00471AF8 /* 315px-Blank_woman_placeholder.svg.png in Resources */ = {isa = PBXBuildFile; fileRef = C9D312561B0B378F00471AF8 /* 315px-Blank_woman_placeholder.svg.png */; };
/* End PBXBuildFile section */

/* Begin PBXContainerItemProxy section */
		75B4AF951B09AA1F00AB0604 /* PBXContainerItemProxy */ = {
			isa = PBXContainerItemProxy;
			containerPortal = 75B4AF751B09AA1E00AB0604 /* Project object */;
			proxyType = 1;
			remoteGlobalIDString = 75B4AF7C1B09AA1E00AB0604;
			remoteInfo = barakah;
		};
/* End PBXContainerItemProxy section */

/* Begin PBXFileReference section */
		75273A821B0B0A9F007F8047 /* postChoices.swift */ = {isa = PBXFileReference; fileEncoding = 4; lastKnownFileType = sourcecode.swift; path = postChoices.swift; sourceTree = "<group>"; };
		75273A841B0B0DE7007F8047 /* postView.swift */ = {isa = PBXFileReference; fileEncoding = 4; lastKnownFileType = sourcecode.swift; path = postView.swift; sourceTree = "<group>"; };
		75B4AF7D1B09AA1E00AB0604 /* barakah.app */ = {isa = PBXFileReference; explicitFileType = wrapper.application; includeInIndex = 0; path = barakah.app; sourceTree = BUILT_PRODUCTS_DIR; };
		75B4AF811B09AA1E00AB0604 /* Info.plist */ = {isa = PBXFileReference; lastKnownFileType = text.plist.xml; path = Info.plist; sourceTree = "<group>"; };
		75B4AF821B09AA1E00AB0604 /* AppDelegate.swift */ = {isa = PBXFileReference; lastKnownFileType = sourcecode.swift; path = AppDelegate.swift; sourceTree = "<group>"; };
		75B4AF841B09AA1E00AB0604 /* FirstViewController.swift */ = {isa = PBXFileReference; lastKnownFileType = sourcecode.swift; path = FirstViewController.swift; sourceTree = "<group>"; };
		75B4AF861B09AA1E00AB0604 /* SecondViewController.swift */ = {isa = PBXFileReference; lastKnownFileType = sourcecode.swift; path = SecondViewController.swift; sourceTree = "<group>"; };
		75B4AF8B1B09AA1F00AB0604 /* Images.xcassets */ = {isa = PBXFileReference; lastKnownFileType = folder.assetcatalog; path = Images.xcassets; sourceTree = "<group>"; };
		75B4AF8E1B09AA1F00AB0604 /* Base */ = {isa = PBXFileReference; lastKnownFileType = file.xib; name = Base; path = Base.lproj/LaunchScreen.xib; sourceTree = "<group>"; };
		75B4AF941B09AA1F00AB0604 /* barakahTests.xctest */ = {isa = PBXFileReference; explicitFileType = wrapper.cfbundle; includeInIndex = 0; path = barakahTests.xctest; sourceTree = BUILT_PRODUCTS_DIR; };
		75B4AF991B09AA1F00AB0604 /* Info.plist */ = {isa = PBXFileReference; lastKnownFileType = text.plist.xml; path = Info.plist; sourceTree = "<group>"; };
		75B4AF9A1B09AA1F00AB0604 /* barakahTests.swift */ = {isa = PBXFileReference; lastKnownFileType = sourcecode.swift; path = barakahTests.swift; sourceTree = "<group>"; };
		75B4AFA41B09C77D00AB0604 /* searchResultView.swift */ = {isa = PBXFileReference; fileEncoding = 4; lastKnownFileType = sourcecode.swift; path = searchResultView.swift; sourceTree = "<group>"; };
		75B4AFA71B09F65000AB0604 /* Base */ = {isa = PBXFileReference; lastKnownFileType = file.storyboard; name = Base; path = Base.lproj/Main.storyboard; sourceTree = "<group>"; };
		C9D312561B0B378F00471AF8 /* 315px-Blank_woman_placeholder.svg.png */ = {isa = PBXFileReference; lastKnownFileType = image.png; path = "315px-Blank_woman_placeholder.svg.png"; sourceTree = "<group>"; };
/* End PBXFileReference section */

/* Begin PBXFrameworksBuildPhase section */
		75B4AF7A1B09AA1E00AB0604 /* Frameworks */ = {
			isa = PBXFrameworksBuildPhase;
			buildActionMask = 2147483647;
			files = (
			);
			runOnlyForDeploymentPostprocessing = 0;
		};
		75B4AF911B09AA1F00AB0604 /* Frameworks */ = {
			isa = PBXFrameworksBuildPhase;
			buildActionMask = 2147483647;
			files = (
			);
			runOnlyForDeploymentPostprocessing = 0;
		};
/* End PBXFrameworksBuildPhase section */

/* Begin PBXGroup section */
		75B4AF741B09AA1E00AB0604 = {
			isa = PBXGroup;
			children = (
				75B4AF7F1B09AA1E00AB0604 /* barakah */,
				75B4AF971B09AA1F00AB0604 /* barakahTests */,
				75B4AF7E1B09AA1E00AB0604 /* Products */,
			);
			sourceTree = "<group>";
		};
		75B4AF7E1B09AA1E00AB0604 /* Products */ = {
			isa = PBXGroup;
			children = (
				75B4AF7D1B09AA1E00AB0604 /* barakah.app */,
				75B4AF941B09AA1F00AB0604 /* barakahTests.xctest */,
			);
			name = Products;
			sourceTree = "<group>";
		};
		75B4AF7F1B09AA1E00AB0604 /* barakah */ = {
			isa = PBXGroup;
			children = (
				C9D312561B0B378F00471AF8 /* 315px-Blank_woman_placeholder.svg.png */,
				75B4AF821B09AA1E00AB0604 /* AppDelegate.swift */,
				75B4AF841B09AA1E00AB0604 /* FirstViewController.swift */,
				75B4AF861B09AA1E00AB0604 /* SecondViewController.swift */,
				75B4AFA61B09F65000AB0604 /* Main.storyboard */,
				75B4AF8B1B09AA1F00AB0604 /* Images.xcassets */,
				75B4AF8D1B09AA1F00AB0604 /* LaunchScreen.xib */,
				75B4AF801B09AA1E00AB0604 /* Supporting Files */,
				75B4AFA41B09C77D00AB0604 /* searchResultView.swift */,
				75273A821B0B0A9F007F8047 /* postChoices.swift */,
				75273A841B0B0DE7007F8047 /* postView.swift */,
			);
			path = barakah;
			sourceTree = "<group>";
		};
		75B4AF801B09AA1E00AB0604 /* Supporting Files */ = {
			isa = PBXGroup;
			children = (
				75B4AF811B09AA1E00AB0604 /* Info.plist */,
			);
			name = "Supporting Files";
			sourceTree = "<group>";
		};
		75B4AF971B09AA1F00AB0604 /* barakahTests */ = {
			isa = PBXGroup;
			children = (
				75B4AF9A1B09AA1F00AB0604 /* barakahTests.swift */,
				75B4AF981B09AA1F00AB0604 /* Supporting Files */,
			);
			path = barakahTests;
			sourceTree = "<group>";
		};
		75B4AF981B09AA1F00AB0604 /* Supporting Files */ = {
			isa = PBXGroup;
			children = (
				75B4AF991B09AA1F00AB0604 /* Info.plist */,
			);
			name = "Supporting Files";
			sourceTree = "<group>";
		};
/* End PBXGroup section */

/* Begin PBXNativeTarget section */
		75B4AF7C1B09AA1E00AB0604 /* barakah */ = {
			isa = PBXNativeTarget;
			buildConfigurationList = 75B4AF9E1B09AA1F00AB0604 /* Build configuration list for PBXNativeTarget "barakah" */;
			buildPhases = (
				75B4AF791B09AA1E00AB0604 /* Sources */,
				75B4AF7A1B09AA1E00AB0604 /* Frameworks */,
				75B4AF7B1B09AA1E00AB0604 /* Resources */,
			);
			buildRules = (
			);
			dependencies = (
			);
			name = barakah;
			productName = barakah;
			productReference = 75B4AF7D1B09AA1E00AB0604 /* barakah.app */;
			productType = "com.apple.product-type.application";
		};
		75B4AF931B09AA1F00AB0604 /* barakahTests */ = {
			isa = PBXNativeTarget;
			buildConfigurationList = 75B4AFA11B09AA1F00AB0604 /* Build configuration list for PBXNativeTarget "barakahTests" */;
			buildPhases = (
				75B4AF901B09AA1F00AB0604 /* Sources */,
				75B4AF911B09AA1F00AB0604 /* Frameworks */,
				75B4AF921B09AA1F00AB0604 /* Resources */,
			);
			buildRules = (
			);
			dependencies = (
				75B4AF961B09AA1F00AB0604 /* PBXTargetDependency */,
			);
			name = barakahTests;
			productName = barakahTests;
			productReference = 75B4AF941B09AA1F00AB0604 /* barakahTests.xctest */;
			productType = "com.apple.product-type.bundle.unit-test";
		};
/* End PBXNativeTarget section */

/* Begin PBXProject section */
		75B4AF751B09AA1E00AB0604 /* Project object */ = {
			isa = PBXProject;
			attributes = {
				LastUpgradeCheck = 0630;
				ORGANIZATIONNAME = snapsell;
				TargetAttributes = {
					75B4AF7C1B09AA1E00AB0604 = {
						CreatedOnToolsVersion = 6.3;
					};
					75B4AF931B09AA1F00AB0604 = {
						CreatedOnToolsVersion = 6.3;
						TestTargetID = 75B4AF7C1B09AA1E00AB0604;
					};
				};
			};
			buildConfigurationList = 75B4AF781B09AA1E00AB0604 /* Build configuration list for PBXProject "barakah" */;
			compatibilityVersion = "Xcode 3.2";
			developmentRegion = English;
			hasScannedForEncodings = 0;
			knownRegions = (
				en,
				Base,
			);
			mainGroup = 75B4AF741B09AA1E00AB0604;
			productRefGroup = 75B4AF7E1B09AA1E00AB0604 /* Products */;
			projectDirPath = "";
			projectRoot = "";
			targets = (
				75B4AF7C1B09AA1E00AB0604 /* barakah */,
				75B4AF931B09AA1F00AB0604 /* barakahTests */,
			);
		};
/* End PBXProject section */

/* Begin PBXResourcesBuildPhase section */
		75B4AF7B1B09AA1E00AB0604 /* Resources */ = {
			isa = PBXResourcesBuildPhase;
			buildActionMask = 2147483647;
			files = (
				75B4AFA81B09F65000AB0604 /* Main.storyboard in Resources */,
				75B4AF8F1B09AA1F00AB0604 /* LaunchScreen.xib in Resources */,
				75B4AF8C1B09AA1F00AB0604 /* Images.xcassets in Resources */,
				C9D312571B0B378F00471AF8 /* 315px-Blank_woman_placeholder.svg.png in Resources */,
			);
			runOnlyForDeploymentPostprocessing = 0;
		};
		75B4AF921B09AA1F00AB0604 /* Resources */ = {
			isa = PBXResourcesBuildPhase;
			buildActionMask = 2147483647;
			files = (
			);
			runOnlyForDeploymentPostprocessing = 0;
		};
/* End PBXResourcesBuildPhase section */

/* Begin PBXSourcesBuildPhase section */
		75B4AF791B09AA1E00AB0604 /* Sources */ = {
			isa = PBXSourcesBuildPhase;
			buildActionMask = 2147483647;
			files = (
				75273A851B0B0DE7007F8047 /* postView.swift in Sources */,
				75B4AF871B09AA1E00AB0604 /* SecondViewController.swift in Sources */,
				75B4AFA51B09C77D00AB0604 /* searchResultView.swift in Sources */,
				75273A831B0B0A9F007F8047 /* postChoices.swift in Sources */,
				75B4AF831B09AA1E00AB0604 /* AppDelegate.swift in Sources */,
				75B4AF851B09AA1E00AB0604 /* FirstViewController.swift in Sources */,
			);
			runOnlyForDeploymentPostprocessing = 0;
		};
		75B4AF901B09AA1F00AB0604 /* Sources */ = {
			isa = PBXSourcesBuildPhase;
			buildActionMask = 2147483647;
			files = (
				75B4AF9B1B09AA1F00AB0604 /* barakahTests.swift in Sources */,
			);
			runOnlyForDeploymentPostprocessing = 0;
		};
/* End PBXSourcesBuildPhase section */

/* Begin PBXTargetDependency section */
		75B4AF961B09AA1F00AB0604 /* PBXTargetDependency */ = {
			isa = PBXTargetDependency;
			target = 75B4AF7C1B09AA1E00AB0604 /* barakah */;
			targetProxy = 75B4AF951B09AA1F00AB0604 /* PBXContainerItemProxy */;
		};
/* End PBXTargetDependency section */

/* Begin PBXVariantGroup section */
		75B4AF8D1B09AA1F00AB0604 /* LaunchScreen.xib */ = {
			isa = PBXVariantGroup;
			children = (
				75B4AF8E1B09AA1F00AB0604 /* Base */,
			);
			name = LaunchScreen.xib;
			sourceTree = "<group>";
		};
		75B4AFA61B09F65000AB0604 /* Main.storyboard */ = {
			isa = PBXVariantGroup;
			children = (
				75B4AFA71B09F65000AB0604 /* Base */,
			);
			name = Main.storyboard;
			sourceTree = "<group>";
		};
/* End PBXVariantGroup section */

/* Begin XCBuildConfiguration section */
		75B4AF9C1B09AA1F00AB0604 /* Debug */ = {
			isa = XCBuildConfiguration;
			buildSettings = {
				ALWAYS_SEARCH_USER_PATHS = NO;
				CLANG_CXX_LANGUAGE_STANDARD = "gnu++0x";
				CLANG_CXX_LIBRARY = "libc++";
				CLANG_ENABLE_MODULES = YES;
				CLANG_ENABLE_OBJC_ARC = YES;
				CLANG_WARN_BOOL_CONVERSION = YES;
				CLANG_WARN_CONSTANT_CONVERSION = YES;
				CLANG_WARN_DIRECT_OBJC_ISA_USAGE = YES_ERROR;
				CLANG_WARN_EMPTY_BODY = YES;
				CLANG_WARN_ENUM_CONVERSION = YES;
				CLANG_WARN_INT_CONVERSION = YES;
				CLANG_WARN_OBJC_ROOT_CLASS = YES_ERROR;
				CLANG_WARN_UNREACHABLE_CODE = YES;
				CLANG_WARN__DUPLICATE_METHOD_MATCH = YES;
				"CODE_SIGN_IDENTITY[sdk=iphoneos*]" = "iPhone Developer";
				COPY_PHASE_STRIP = NO;
				DEBUG_INFORMATION_FORMAT = "dwarf-with-dsym";
				ENABLE_STRICT_OBJC_MSGSEND = YES;
				GCC_C_LANGUAGE_STANDARD = gnu99;
				GCC_DYNAMIC_NO_PIC = NO;
				GCC_NO_COMMON_BLOCKS = YES;
				GCC_OPTIMIZATION_LEVEL = 0;
				GCC_PREPROCESSOR_DEFINITIONS = (
					"DEBUG=1",
					"$(inherited)",
				);
				GCC_SYMBOLS_PRIVATE_EXTERN = NO;
				GCC_WARN_64_TO_32_BIT_CONVERSION = YES;
				GCC_WARN_ABOUT_RETURN_TYPE = YES_ERROR;
				GCC_WARN_UNDECLARED_SELECTOR = YES;
				GCC_WARN_UNINITIALIZED_AUTOS = YES_AGGRESSIVE;
				GCC_WARN_UNUSED_FUNCTION = YES;
				GCC_WARN_UNUSED_VARIABLE = YES;
				IPHONEOS_DEPLOYMENT_TARGET = 8.3;
				MTL_ENABLE_DEBUG_INFO = YES;
				ONLY_ACTIVE_ARCH = YES;
				SDKROOT = iphoneos;
				SWIFT_OPTIMIZATION_LEVEL = "-Onone";
			};
			name = Debug;
		};
		75B4AF9D1B09AA1F00AB0604 /* Release */ = {
			isa = XCBuildConfiguration;
			buildSettings = {
				ALWAYS_SEARCH_USER_PATHS = NO;
				CLANG_CXX_LANGUAGE_STANDARD = "gnu++0x";
				CLANG_CXX_LIBRARY = "libc++";
				CLANG_ENABLE_MODULES = YES;
				CLANG_ENABLE_OBJC_ARC = YES;
				CLANG_WARN_BOOL_CONVERSION = YES;
				CLANG_WARN_CONSTANT_CONVERSION = YES;
				CLANG_WARN_DIRECT_OBJC_ISA_USAGE = YES_ERROR;
				CLANG_WARN_EMPTY_BODY = YES;
				CLANG_WARN_ENUM_CONVERSION = YES;
				CLANG_WARN_INT_CONVERSION = YES;
				CLANG_WARN_OBJC_ROOT_CLASS = YES_ERROR;
				CLANG_WARN_UNREACHABLE_CODE = YES;
				CLANG_WARN__DUPLICATE_METHOD_MATCH = YES;
				"CODE_SIGN_IDENTITY[sdk=iphoneos*]" = "iPhone Developer";
				COPY_PHASE_STRIP = NO;
				DEBUG_INFORMATION_FORMAT = "dwarf-with-dsym";
				ENABLE_NS_ASSERTIONS = NO;
				ENABLE_STRICT_OBJC_MSGSEND = YES;
				GCC_C_LANGUAGE_STANDARD = gnu99;
				GCC_NO_COMMON_BLOCKS = YES;
				GCC_WARN_64_TO_32_BIT_CONVERSION = YES;
				GCC_WARN_ABOUT_RETURN_TYPE = YES_ERROR;
				GCC_WARN_UNDECLARED_SELECTOR = YES;
				GCC_WARN_UNINITIALIZED_AUTOS = YES_AGGRESSIVE;
				GCC_WARN_UNUSED_FUNCTION = YES;
				GCC_WARN_UNUSED_VARIABLE = YES;
				IPHONEOS_DEPLOYMENT_TARGET = 8.3;
				MTL_ENABLE_DEBUG_INFO = NO;
				SDKROOT = iphoneos;
				VALIDATE_PRODUCT = YES;
			};
			name = Release;
		};
		75B4AF9F1B09AA1F00AB0604 /* Debug */ = {
			isa = XCBuildConfiguration;
			buildSettings = {
				ASSETCATALOG_COMPILER_APPICON_NAME = AppIcon;
				INFOPLIST_FILE = barakah/Info.plist;
				LD_RUNPATH_SEARCH_PATHS = "$(inherited) @executable_path/Frameworks";
				PRODUCT_NAME = "$(TARGET_NAME)";
			};
			name = Debug;
		};
		75B4AFA01B09AA1F00AB0604 /* Release */ = {
			isa = XCBuildConfiguration;
			buildSettings = {
				ASSETCATALOG_COMPILER_APPICON_NAME = AppIcon;
				INFOPLIST_FILE = barakah/Info.plist;
				LD_RUNPATH_SEARCH_PATHS = "$(inherited) @executable_path/Frameworks";
				PRODUCT_NAME = "$(TARGET_NAME)";
			};
			name = Release;
		};
		75B4AFA21B09AA1F00AB0604 /* Debug */ = {
			isa = XCBuildConfiguration;
			buildSettings = {
				BUNDLE_LOADER = "$(TEST_HOST)";
				FRAMEWORK_SEARCH_PATHS = (
					"$(SDKROOT)/Developer/Library/Frameworks",
					"$(inherited)",
				);
				GCC_PREPROCESSOR_DEFINITIONS = (
					"DEBUG=1",
					"$(inherited)",
				);
				INFOPLIST_FILE = barakahTests/Info.plist;
				LD_RUNPATH_SEARCH_PATHS = "$(inherited) @executable_path/Frameworks @loader_path/Frameworks";
				PRODUCT_NAME = "$(TARGET_NAME)";
				TEST_HOST = "$(BUILT_PRODUCTS_DIR)/barakah.app/barakah";
			};
			name = Debug;
		};
		75B4AFA31B09AA1F00AB0604 /* Release */ = {
			isa = XCBuildConfiguration;
			buildSettings = {
				BUNDLE_LOADER = "$(TEST_HOST)";
				FRAMEWORK_SEARCH_PATHS = (
					"$(SDKROOT)/Developer/Library/Frameworks",
					"$(inherited)",
				);
				INFOPLIST_FILE = barakahTests/Info.plist;
				LD_RUNPATH_SEARCH_PATHS = "$(inherited) @executable_path/Frameworks @loader_path/Frameworks";
				PRODUCT_NAME = "$(TARGET_NAME)";
				TEST_HOST = "$(BUILT_PRODUCTS_DIR)/barakah.app/barakah";
			};
			name = Release;
		};
/* End XCBuildConfiguration section */

/* Begin XCConfigurationList section */
		75B4AF781B09AA1E00AB0604 /* Build configuration list for PBXProject "barakah" */ = {
			isa = XCConfigurationList;
			buildConfigurations = (
				75B4AF9C1B09AA1F00AB0604 /* Debug */,
				75B4AF9D1B09AA1F00AB0604 /* Release */,
			);
			defaultConfigurationIsVisible = 0;
			defaultConfigurationName = Release;
		};
		75B4AF9E1B09AA1F00AB0604 /* Build configuration list for PBXNativeTarget "barakah" */ = {
			isa = XCConfigurationList;
			buildConfigurations = (
				75B4AF9F1B09AA1F00AB0604 /* Debug */,
				75B4AFA01B09AA1F00AB0604 /* Release */,
			);
			defaultConfigurationIsVisible = 0;
			defaultConfigurationName = Release;
		};
		75B4AFA11B09AA1F00AB0604 /* Build configuration list for PBXNativeTarget "barakahTests" */ = {
			isa = XCConfigurationList;
			buildConfigurations = (
				75B4AFA21B09AA1F00AB0604 /* Debug */,
				75B4AFA31B09AA1F00AB0604 /* Release */,
			);
			defaultConfigurationIsVisible = 0;
			defaultConfigurationName = Release;
		};
/* End XCConfigurationList section */
	};
	rootObject = 75B4AF751B09AA1E00AB0604 /* Project object */;
}
